
Microsoft Visual Studio Solution File, Format Version 12.00
# Visual Studio Version 16
VisualStudioVersion = 16.0.31205.134
MinimumVisualStudioVersion = 10.0.40219.1
Project("{FAE04EC0-301F-11D3-BF4B-00C04F79EFBC}") = "BusinessObjects", "BusinessObjects\BusinessObjects.csproj", "{795CECBD-3C1C-4B4E-BF34-0E4F67F8C80D}"
EndProject
Project("{FAE04EC0-301F-11D3-BF4B-00C04F79EFBC}") = "DataObjects", "DataObjects\DataObjects.csproj", "{84BFF48A-E1AD-4D59-82E5-9FA4FC1790F0}"
EndProject
Project("{FAE04EC0-301F-11D3-BF4B-00C04F79EFBC}") = "api", "api\api.csproj", "{7615F6B9-53B1-4539-9E45-6D521EEAB87B}"
EndProject
Global
	GlobalSection(SolutionConfigurationPlatforms) = preSolution
		Debug|Any CPU = Debug|Any CPU
		Release|Any CPU = Release|Any CPU
	EndGlobalSection
	GlobalSection(ProjectConfigurationPlatforms) = postSolution
		{795CECBD-3C1C-4B4E-BF34-0E4F67F8C80D}.Debug|Any CPU.ActiveCfg = Debug|Any CPU
		{795CECBD-3C1C-4B4E-BF34-0E4F67F8C80D}.Debug|Any CPU.Build.0 = Debug|Any CPU
		{795CECBD-3C1C-4B4E-BF34-0E4F67F8C80D}.Release|Any CPU.ActiveCfg = Release|Any CPU
		{795CECBD-3C1C-4B4E-BF34-0E4F67F8C80D}.Release|Any CPU.Build.0 = Release|Any CPU
		{84BFF48A-E1AD-4D59-82E5-9FA4FC1790F0}.Debug|Any CPU.ActiveCfg = Debug|Any CPU
		{84BFF48A-E1AD-4D59-82E5-9FA4FC1790F0}.Debug|Any CPU.Build.0 = Debug|Any CPU
		{84BFF48A-E1AD-4D59-82E5-9FA4FC1790F0}.Release|Any CPU.ActiveCfg = Release|Any CPU
		{84BFF48A-E1AD-4D59-82E5-9FA4FC1790F0}.Release|Any CPU.Build.0 = Release|Any CPU
		{7615F6B9-53B1-4539-9E45-6D521EEAB87B}.Debug|Any CPU.ActiveCfg = Debug|Any CPU
		{7615F6B9-53B1-4539-9E45-6D521EEAB87B}.Debug|Any CPU.Build.0 = Debug|Any CPU
		{7615F6B9-53B1-4539-9E45-6D521EEAB87B}.Release|Any CPU.ActiveCfg = Release|Any CPU
		{7615F6B9-53B1-4539-9E45-6D521EEAB87B}.Release|Any CPU.Build.0 = Release|Any CPU
	EndGlobalSection
	GlobalSection(SolutionProperties) = preSolution
		HideSolutionNode = FALSE
	EndGlobalSection
	GlobalSection(ExtensibilityGlobals) = postSolution
		SolutionGuid = {25511A13-231B-4BE1-8F42-877FFFEED20F}
	EndGlobalSection
EndGlobal
